
Microsoft Visual Studio Solution File, Format Version 12.00
# Visual Studio 14
VisualStudioVersion = 14.0.25420.1
MinimumVisualStudioVersion = 10.0.40219.1
Project("{8BC9CEB8-8B4A-11D0-8D11-00A0C91BC942}") = "test_02", "test_02\test_02.vcxproj", "{0C73869B-6FFF-474A-8134-5A3F5316E427}"
EndProject
Project("{8BC9CEB8-8B4A-11D0-8D11-00A0C91BC942}") = "test_03", "test_03\test_03.vcxproj", "{DA4E4DE7-7FEE-4ECB-9299-81C704728ECC}"
EndProject
Global
	GlobalSection(SolutionConfigurationPlatforms) = preSolution
		Debug|x64 = Debug|x64
		Debug|x86 = Debug|x86
		Release|x64 = Release|x64
		Release|x86 = Release|x86
	EndGlobalSection
	GlobalSection(ProjectConfigurationPlatforms) = postSolution
		{0C73869B-6FFF-474A-8134-5A3F5316E427}.Debug|x64.ActiveCfg = Debug|x64
		{0C73869B-6FFF-474A-8134-5A3F5316E427}.Debug|x64.Build.0 = Debug|x64
		{0C73869B-6FFF-474A-8134-5A3F5316E427}.Debug|x86.ActiveCfg = Debug|Win32
		{0C73869B-6FFF-474A-8134-5A3F5316E427}.Debug|x86.Build.0 = Debug|Win32
		{0C73869B-6FFF-474A-8134-5A3F5316E427}.Release|x64.ActiveCfg = Release|x64
		{0C73869B-6FFF-474A-8134-5A3F5316E427}.Release|x64.Build.0 = Release|x64
		{0C73869B-6FFF-474A-8134-5A3F5316E427}.Release|x86.ActiveCfg = Release|Win32
		{0C73869B-6FFF-474A-8134-5A3F5316E427}.Release|x86.Build.0 = Release|Win32
		{DA4E4DE7-7FEE-4ECB-9299-81C704728ECC}.Debug|x64.ActiveCfg = Debug|x64
		{DA4E4DE7-7FEE-4ECB-9299-81C704728ECC}.Debug|x64.Build.0 = Debug|x64
		{DA4E4DE7-7FEE-4ECB-9299-81C704728ECC}.Debug|x86.ActiveCfg = Debug|Win32
		{DA4E4DE7-7FEE-4ECB-9299-81C704728ECC}.Debug|x86.Build.0 = Debug|Win32
		{DA4E4DE7-7FEE-4ECB-9299-81C704728ECC}.Release|x64.ActiveCfg = Release|x64
		{DA4E4DE7-7FEE-4ECB-9299-81C704728ECC}.Release|x64.Build.0 = Release|x64
		{DA4E4DE7-7FEE-4ECB-9299-81C704728ECC}.Release|x86.ActiveCfg = Release|Win32
		{DA4E4DE7-7FEE-4ECB-9299-81C704728ECC}.Release|x86.Build.0 = Release|Win32
	EndGlobalSection
	GlobalSection(SolutionProperties) = preSolution
		HideSolutionNode = FALSE
	EndGlobalSection
EndGlobal
