
Microsoft Visual Studio Solution File, Format Version 12.00
# Visual Studio 14
VisualStudioVersion = 14.0.25420.1
MinimumVisualStudioVersion = 10.0.40219.1
Project("{8BC9CEB8-8B4A-11D0-8D11-00A0C91BC942}") = "test_02", "test_02\test_02.vcxproj", "{0C73869B-6FFF-474A-8134-5A3F5316E427}"
EndProject
Project("{8BC9CEB8-8B4A-11D0-8D11-00A0C91BC942}") = "test_03", "test_03\test_03.vcxproj", "{DA4E4DE7-7FEE-4ECB-9299-81C704728ECC}"
EndProject
Project("{8BC9CEB8-8B4A-11D0-8D11-00A0C91BC942}") = "test_04", "test_04\test_04.vcxproj", "{B3FD91A8-D081-42D7-B052-16CBA3A5ED14}"
EndProject
Project("{8BC9CEB8-8B4A-11D0-8D11-00A0C91BC942}") = "test_05", "test_05\test_05.vcxproj", "{DD3DE695-A0A0-4B57-8C35-F1B64B92FE5F}"
EndProject
Project("{8BC9CEB8-8B4A-11D0-8D11-00A0C91BC942}") = "test_06", "test_06\test_06.vcxproj", "{601174C1-075C-40DF-B28B-607DC4959918}"
EndProject
Project("{8BC9CEB8-8B4A-11D0-8D11-00A0C91BC942}") = "test_07", "test_07\test_07.vcxproj", "{22AFB6D6-ECF4-4C39-BDB5-62BFAAFE6F37}"
EndProject
Global
	GlobalSection(SolutionConfigurationPlatforms) = preSolution
		Debug|x64 = Debug|x64
		Debug|x86 = Debug|x86
		Release|x64 = Release|x64
		Release|x86 = Release|x86
	EndGlobalSection
	GlobalSection(ProjectConfigurationPlatforms) = postSolution
		{0C73869B-6FFF-474A-8134-5A3F5316E427}.Debug|x64.ActiveCfg = Debug|x64
		{0C73869B-6FFF-474A-8134-5A3F5316E427}.Debug|x64.Build.0 = Debug|x64
		{0C73869B-6FFF-474A-8134-5A3F5316E427}.Debug|x86.ActiveCfg = Debug|Win32
		{0C73869B-6FFF-474A-8134-5A3F5316E427}.Debug|x86.Build.0 = Debug|Win32
		{0C73869B-6FFF-474A-8134-5A3F5316E427}.Release|x64.ActiveCfg = Release|x64
		{0C73869B-6FFF-474A-8134-5A3F5316E427}.Release|x64.Build.0 = Release|x64
		{0C73869B-6FFF-474A-8134-5A3F5316E427}.Release|x86.ActiveCfg = Release|Win32
		{0C73869B-6FFF-474A-8134-5A3F5316E427}.Release|x86.Build.0 = Release|Win32
		{DA4E4DE7-7FEE-4ECB-9299-81C704728ECC}.Debug|x64.ActiveCfg = Debug|x64
		{DA4E4DE7-7FEE-4ECB-9299-81C704728ECC}.Debug|x64.Build.0 = Debug|x64
		{DA4E4DE7-7FEE-4ECB-9299-81C704728ECC}.Debug|x86.ActiveCfg = Debug|Win32
		{DA4E4DE7-7FEE-4ECB-9299-81C704728ECC}.Debug|x86.Build.0 = Debug|Win32
		{DA4E4DE7-7FEE-4ECB-9299-81C704728ECC}.Release|x64.ActiveCfg = Release|x64
		{DA4E4DE7-7FEE-4ECB-9299-81C704728ECC}.Release|x64.Build.0 = Release|x64
		{DA4E4DE7-7FEE-4ECB-9299-81C704728ECC}.Release|x86.ActiveCfg = Release|Win32
		{DA4E4DE7-7FEE-4ECB-9299-81C704728ECC}.Release|x86.Build.0 = Release|Win32
		{B3FD91A8-D081-42D7-B052-16CBA3A5ED14}.Debug|x64.ActiveCfg = Debug|x64
		{B3FD91A8-D081-42D7-B052-16CBA3A5ED14}.Debug|x64.Build.0 = Debug|x64
		{B3FD91A8-D081-42D7-B052-16CBA3A5ED14}.Debug|x86.ActiveCfg = Debug|Win32
		{B3FD91A8-D081-42D7-B052-16CBA3A5ED14}.Debug|x86.Build.0 = Debug|Win32
		{B3FD91A8-D081-42D7-B052-16CBA3A5ED14}.Release|x64.ActiveCfg = Release|x64
		{B3FD91A8-D081-42D7-B052-16CBA3A5ED14}.Release|x64.Build.0 = Release|x64
		{B3FD91A8-D081-42D7-B052-16CBA3A5ED14}.Release|x86.ActiveCfg = Release|Win32
		{B3FD91A8-D081-42D7-B052-16CBA3A5ED14}.Release|x86.Build.0 = Release|Win32
		{DD3DE695-A0A0-4B57-8C35-F1B64B92FE5F}.Debug|x64.ActiveCfg = Debug|x64
		{DD3DE695-A0A0-4B57-8C35-F1B64B92FE5F}.Debug|x64.Build.0 = Debug|x64
		{DD3DE695-A0A0-4B57-8C35-F1B64B92FE5F}.Debug|x86.ActiveCfg = Debug|Win32
		{DD3DE695-A0A0-4B57-8C35-F1B64B92FE5F}.Debug|x86.Build.0 = Debug|Win32
		{DD3DE695-A0A0-4B57-8C35-F1B64B92FE5F}.Release|x64.ActiveCfg = Release|x64
		{DD3DE695-A0A0-4B57-8C35-F1B64B92FE5F}.Release|x64.Build.0 = Release|x64
		{DD3DE695-A0A0-4B57-8C35-F1B64B92FE5F}.Release|x86.ActiveCfg = Release|Win32
		{DD3DE695-A0A0-4B57-8C35-F1B64B92FE5F}.Release|x86.Build.0 = Release|Win32
		{601174C1-075C-40DF-B28B-607DC4959918}.Debug|x64.ActiveCfg = Debug|x64
		{601174C1-075C-40DF-B28B-607DC4959918}.Debug|x64.Build.0 = Debug|x64
		{601174C1-075C-40DF-B28B-607DC4959918}.Debug|x86.ActiveCfg = Debug|Win32
		{601174C1-075C-40DF-B28B-607DC4959918}.Debug|x86.Build.0 = Debug|Win32
		{601174C1-075C-40DF-B28B-607DC4959918}.Release|x64.ActiveCfg = Release|x64
		{601174C1-075C-40DF-B28B-607DC4959918}.Release|x64.Build.0 = Release|x64
		{601174C1-075C-40DF-B28B-607DC4959918}.Release|x86.ActiveCfg = Release|Win32
		{601174C1-075C-40DF-B28B-607DC4959918}.Release|x86.Build.0 = Release|Win32
		{22AFB6D6-ECF4-4C39-BDB5-62BFAAFE6F37}.Debug|x64.ActiveCfg = Debug|x64
		{22AFB6D6-ECF4-4C39-BDB5-62BFAAFE6F37}.Debug|x64.Build.0 = Debug|x64
		{22AFB6D6-ECF4-4C39-BDB5-62BFAAFE6F37}.Debug|x86.ActiveCfg = Debug|Win32
		{22AFB6D6-ECF4-4C39-BDB5-62BFAAFE6F37}.Debug|x86.Build.0 = Debug|Win32
		{22AFB6D6-ECF4-4C39-BDB5-62BFAAFE6F37}.Release|x64.ActiveCfg = Release|x64
		{22AFB6D6-ECF4-4C39-BDB5-62BFAAFE6F37}.Release|x64.Build.0 = Release|x64
		{22AFB6D6-ECF4-4C39-BDB5-62BFAAFE6F37}.Release|x86.ActiveCfg = Release|Win32
		{22AFB6D6-ECF4-4C39-BDB5-62BFAAFE6F37}.Release|x86.Build.0 = Release|Win32
	EndGlobalSection
	GlobalSection(SolutionProperties) = preSolution
		HideSolutionNode = FALSE
	EndGlobalSection
EndGlobal
